
Microsoft Visual Studio Solution File, Format Version 12.00
# Visual Studio Version 17
VisualStudioVersion = 17.14.36401.2 d17.14
MinimumVisualStudioVersion = 10.0.40219.1
Project("{FAE04EC0-301F-11D3-BF4B-00C04F79EFBC}") = "WeatherWebUI", "WeatherWebUI\WeatherWebUI.csproj", "{591D49B2-635F-4415-8572-6D177E95DFD2}"
EndProject
Global
	GlobalSection(SolutionConfigurationPlatforms) = preSolution
		Debug|Any CPU = Debug|Any CPU
		Release|Any CPU = Release|Any CPU
	EndGlobalSection
	GlobalSection(ProjectConfigurationPlatforms) = postSolution
		{591D49B2-635F-4415-8572-6D177E95DFD2}.Debug|Any CPU.ActiveCfg = Debug|Any CPU
		{591D49B2-635F-4415-8572-6D177E95DFD2}.Debug|Any CPU.Build.0 = Debug|Any CPU
		{591D49B2-635F-4415-8572-6D177E95DFD2}.Release|Any CPU.ActiveCfg = Release|Any CPU
		{591D49B2-635F-4415-8572-6D177E95DFD2}.Release|Any CPU.Build.0 = Release|Any CPU
	EndGlobalSection
	GlobalSection(SolutionProperties) = preSolution
		HideSolutionNode = FALSE
	EndGlobalSection
	GlobalSection(ExtensibilityGlobals) = postSolution
		SolutionGuid = {358ABF1D-B776-4593-BE4B-854C14C9CA11}
	EndGlobalSection
EndGlobal
